
Microsoft Visual Studio Solution File, Format Version 12.00
# Visual Studio Version 16
VisualStudioVersion = 16.0.30523.141
MinimumVisualStudioVersion = 10.0.40219.1
Project("{FAE04EC0-301F-11D3-BF4B-00C04F79EFBC}") = "MongoDB", "MongoDB\MongoDB.csproj", "{F4AA5558-17B9-44AF-91EF-74C3B0EDA220}"
EndProject
Project("{FAE04EC0-301F-11D3-BF4B-00C04F79EFBC}") = "Cassandra", "Cassandra\Cassandra.csproj", "{CA83D36D-A67F-47EC-B17F-3FE41FF88519}"
EndProject
Project("{FAE04EC0-301F-11D3-BF4B-00C04F79EFBC}") = "Redis", "Redis\Redis.csproj", "{C0BB9CDB-2814-4360-AA90-A33E6E3029D4}"
EndProject
Project("{FAE04EC0-301F-11D3-BF4B-00C04F79EFBC}") = "Neo4j", "Neo4j\Neo4j.csproj", "{6F32E23C-83F5-431C-B526-17E1C1A6A62E}"
EndProject
Project("{FAE04EC0-301F-11D3-BF4B-00C04F79EFBC}") = "LiteDB", "LiteDB\LiteDB.csproj", "{A64B1BA8-078A-499F-967F-82EB5A9EE680}"
EndProject
Global
	GlobalSection(SolutionConfigurationPlatforms) = preSolution
		Debug|Any CPU = Debug|Any CPU
		Release|Any CPU = Release|Any CPU
	EndGlobalSection
	GlobalSection(ProjectConfigurationPlatforms) = postSolution
		{F4AA5558-17B9-44AF-91EF-74C3B0EDA220}.Debug|Any CPU.ActiveCfg = Debug|Any CPU
		{F4AA5558-17B9-44AF-91EF-74C3B0EDA220}.Debug|Any CPU.Build.0 = Debug|Any CPU
		{F4AA5558-17B9-44AF-91EF-74C3B0EDA220}.Release|Any CPU.ActiveCfg = Release|Any CPU
		{F4AA5558-17B9-44AF-91EF-74C3B0EDA220}.Release|Any CPU.Build.0 = Release|Any CPU
		{CA83D36D-A67F-47EC-B17F-3FE41FF88519}.Debug|Any CPU.ActiveCfg = Debug|Any CPU
		{CA83D36D-A67F-47EC-B17F-3FE41FF88519}.Debug|Any CPU.Build.0 = Debug|Any CPU
		{CA83D36D-A67F-47EC-B17F-3FE41FF88519}.Release|Any CPU.ActiveCfg = Release|Any CPU
		{CA83D36D-A67F-47EC-B17F-3FE41FF88519}.Release|Any CPU.Build.0 = Release|Any CPU
		{C0BB9CDB-2814-4360-AA90-A33E6E3029D4}.Debug|Any CPU.ActiveCfg = Debug|Any CPU
		{C0BB9CDB-2814-4360-AA90-A33E6E3029D4}.Debug|Any CPU.Build.0 = Debug|Any CPU
		{C0BB9CDB-2814-4360-AA90-A33E6E3029D4}.Release|Any CPU.ActiveCfg = Release|Any CPU
		{C0BB9CDB-2814-4360-AA90-A33E6E3029D4}.Release|Any CPU.Build.0 = Release|Any CPU
		{6F32E23C-83F5-431C-B526-17E1C1A6A62E}.Debug|Any CPU.ActiveCfg = Debug|Any CPU
		{6F32E23C-83F5-431C-B526-17E1C1A6A62E}.Debug|Any CPU.Build.0 = Debug|Any CPU
		{6F32E23C-83F5-431C-B526-17E1C1A6A62E}.Release|Any CPU.ActiveCfg = Release|Any CPU
		{6F32E23C-83F5-431C-B526-17E1C1A6A62E}.Release|Any CPU.Build.0 = Release|Any CPU
		{A64B1BA8-078A-499F-967F-82EB5A9EE680}.Debug|Any CPU.ActiveCfg = Debug|Any CPU
		{A64B1BA8-078A-499F-967F-82EB5A9EE680}.Debug|Any CPU.Build.0 = Debug|Any CPU
		{A64B1BA8-078A-499F-967F-82EB5A9EE680}.Release|Any CPU.ActiveCfg = Release|Any CPU
		{A64B1BA8-078A-499F-967F-82EB5A9EE680}.Release|Any CPU.Build.0 = Release|Any CPU
	EndGlobalSection
	GlobalSection(SolutionProperties) = preSolution
		HideSolutionNode = FALSE
	EndGlobalSection
	GlobalSection(ExtensibilityGlobals) = postSolution
		SolutionGuid = {EFED6159-346E-4119-B2D4-D561872C9FEC}
	EndGlobalSection
EndGlobal
